
Microsoft Visual Studio Solution File, Format Version 12.00
# Visual Studio Version 16
VisualStudioVersion = 16.0.31019.35
MinimumVisualStudioVersion = 10.0.40219.1
Project("{8BC9CEB8-8B4A-11D0-8D11-00A0C91BC942}") = "learning", "learning.vcxproj", "{D185B7EC-1F7B-4220-96A4-3A5D90B9581B}"
EndProject
Global
	GlobalSection(SolutionConfigurationPlatforms) = preSolution
		Debug|x64 = Debug|x64
		Debug|x86 = Debug|x86
		Release|x64 = Release|x64
		Release|x86 = Release|x86
	EndGlobalSection
	GlobalSection(ProjectConfigurationPlatforms) = postSolution
		{D185B7EC-1F7B-4220-96A4-3A5D90B9581B}.Debug|x64.ActiveCfg = Debug|x64
		{D185B7EC-1F7B-4220-96A4-3A5D90B9581B}.Debug|x64.Build.0 = Debug|x64
		{D185B7EC-1F7B-4220-96A4-3A5D90B9581B}.Debug|x86.ActiveCfg = Debug|Win32
		{D185B7EC-1F7B-4220-96A4-3A5D90B9581B}.Debug|x86.Build.0 = Debug|Win32
		{D185B7EC-1F7B-4220-96A4-3A5D90B9581B}.Release|x64.ActiveCfg = Release|x64
		{D185B7EC-1F7B-4220-96A4-3A5D90B9581B}.Release|x64.Build.0 = Release|x64
		{D185B7EC-1F7B-4220-96A4-3A5D90B9581B}.Release|x86.ActiveCfg = Release|Win32
		{D185B7EC-1F7B-4220-96A4-3A5D90B9581B}.Release|x86.Build.0 = Release|Win32
	EndGlobalSection
	GlobalSection(SolutionProperties) = preSolution
		HideSolutionNode = FALSE
	EndGlobalSection
	GlobalSection(ExtensibilityGlobals) = postSolution
		SolutionGuid = {F1594124-9E81-463C-8829-ED1B23874B42}
	EndGlobalSection
EndGlobal
